
Microsoft Visual Studio Solution File, Format Version 12.00
# Visual Studio Version 16
VisualStudioVersion = 16.0.30002.166
MinimumVisualStudioVersion = 10.0.40219.1
Project("{FAE04EC0-301F-11D3-BF4B-00C04F79EFBC}") = "Curso_NET_MVC", "Curso_NET_MVC\Curso_NET_MVC.csproj", "{A7AF6167-6B27-49EF-9F50-3DC6319E11B1}"
EndProject
Global
	GlobalSection(SolutionConfigurationPlatforms) = preSolution
		Debug|Any CPU = Debug|Any CPU
		Release|Any CPU = Release|Any CPU
	EndGlobalSection
	GlobalSection(ProjectConfigurationPlatforms) = postSolution
		{A7AF6167-6B27-49EF-9F50-3DC6319E11B1}.Debug|Any CPU.ActiveCfg = Debug|Any CPU
		{A7AF6167-6B27-49EF-9F50-3DC6319E11B1}.Debug|Any CPU.Build.0 = Debug|Any CPU
		{A7AF6167-6B27-49EF-9F50-3DC6319E11B1}.Release|Any CPU.ActiveCfg = Release|Any CPU
		{A7AF6167-6B27-49EF-9F50-3DC6319E11B1}.Release|Any CPU.Build.0 = Release|Any CPU
	EndGlobalSection
	GlobalSection(SolutionProperties) = preSolution
		HideSolutionNode = FALSE
	EndGlobalSection
	GlobalSection(ExtensibilityGlobals) = postSolution
		SolutionGuid = {175680F6-95C5-4257-8B05-826F19AFA45E}
	EndGlobalSection
EndGlobal
