
Microsoft Visual Studio Solution File, Format Version 12.00
# Visual Studio Version 16
VisualStudioVersion = 16.0.30002.166
MinimumVisualStudioVersion = 10.0.40219.1
Project("{9A19103F-16F7-4668-BE54-9A1E7A4F7556}") = "Curso_NET_MVC", "Curso_NET_MVC\Curso_NET_MVC.csproj", "{75CDA7C2-A9CD-4EE2-94E7-5DF230BA1E9C}"
EndProject
Global
	GlobalSection(SolutionConfigurationPlatforms) = preSolution
		Debug|Any CPU = Debug|Any CPU
		Release|Any CPU = Release|Any CPU
	EndGlobalSection
	GlobalSection(ProjectConfigurationPlatforms) = postSolution
		{75CDA7C2-A9CD-4EE2-94E7-5DF230BA1E9C}.Debug|Any CPU.ActiveCfg = Debug|Any CPU
		{75CDA7C2-A9CD-4EE2-94E7-5DF230BA1E9C}.Debug|Any CPU.Build.0 = Debug|Any CPU
		{75CDA7C2-A9CD-4EE2-94E7-5DF230BA1E9C}.Release|Any CPU.ActiveCfg = Release|Any CPU
		{75CDA7C2-A9CD-4EE2-94E7-5DF230BA1E9C}.Release|Any CPU.Build.0 = Release|Any CPU
	EndGlobalSection
	GlobalSection(SolutionProperties) = preSolution
		HideSolutionNode = FALSE
	EndGlobalSection
	GlobalSection(ExtensibilityGlobals) = postSolution
		SolutionGuid = {6C90A312-8ABB-4350-A450-5A6F4D3103BF}
	EndGlobalSection
EndGlobal
